// !$*UTF8*$!
{
	archiveVersion = 1;
	classes = {
	};
	objectVersion = 46;
	objects = {

/* Begin PBXBuildFile section */
		8E9894AD1ECF075300C045AA /* StartViewController.swift in Sources */ = {isa = PBXBuildFile; fileRef = 8E9894AC1ECF075300C045AA /* StartViewController.swift */; };
		8ED7C0621ED03B790066DCE9 /* ScoreViewController.swift in Sources */ = {isa = PBXBuildFile; fileRef = 8ED7C0611ED03B790066DCE9 /* ScoreViewController.swift */; };
		8EFFC9281ECD79FD00584ECA /* AppDelegate.swift in Sources */ = {isa = PBXBuildFile; fileRef = 8EFFC9271ECD79FD00584ECA /* AppDelegate.swift */; };
		8EFFC92A1ECD79FD00584ECA /* ViewController.swift in Sources */ = {isa = PBXBuildFile; fileRef = 8EFFC9291ECD79FD00584ECA /* ViewController.swift */; };
		8EFFC92D1ECD79FD00584ECA /* Main.storyboard in Resources */ = {isa = PBXBuildFile; fileRef = 8EFFC92B1ECD79FD00584ECA /* Main.storyboard */; };
		8EFFC92F1ECD79FD00584ECA /* Assets.xcassets in Resources */ = {isa = PBXBuildFile; fileRef = 8EFFC92E1ECD79FD00584ECA /* Assets.xcassets */; };
		8EFFC9321ECD79FD00584ECA /* LaunchScreen.storyboard in Resources */ = {isa = PBXBuildFile; fileRef = 8EFFC9301ECD79FD00584ECA /* LaunchScreen.storyboard */; };
		8EFFC93D1ECD79FD00584ECA /* EcosystemTests.swift in Sources */ = {isa = PBXBuildFile; fileRef = 8EFFC93C1ECD79FD00584ECA /* EcosystemTests.swift */; };
		8EFFC9481ECD79FD00584ECA /* EcosystemUITests.swift in Sources */ = {isa = PBXBuildFile; fileRef = 8EFFC9471ECD79FD00584ECA /* EcosystemUITests.swift */; };
		8EFFC9561ECDA01800584ECA /* PracticeViewController.swift in Sources */ = {isa = PBXBuildFile; fileRef = 8EFFC9551ECDA01800584ECA /* PracticeViewController.swift */; };
		8EFFC9581ECDA06A00584ECA /* StandardsViewController.swift in Sources */ = {isa = PBXBuildFile; fileRef = 8EFFC9571ECDA06A00584ECA /* StandardsViewController.swift */; };
		8EFFC95A1ECDA86300584ECA /* QuestionsViewController.swift in Sources */ = {isa = PBXBuildFile; fileRef = 8EFFC9591ECDA86300584ECA /* QuestionsViewController.swift */; };
/* End PBXBuildFile section */

/* Begin PBXContainerItemProxy section */
		8EFFC9391ECD79FD00584ECA /* PBXContainerItemProxy */ = {
			isa = PBXContainerItemProxy;
			containerPortal = 8EFFC91C1ECD79FD00584ECA /* Project object */;
			proxyType = 1;
			remoteGlobalIDString = 8EFFC9231ECD79FD00584ECA;
			remoteInfo = Ecosystem;
		};
		8EFFC9441ECD79FD00584ECA /* PBXContainerItemProxy */ = {
			isa = PBXContainerItemProxy;
			containerPortal = 8EFFC91C1ECD79FD00584ECA /* Project object */;
			proxyType = 1;
			remoteGlobalIDString = 8EFFC9231ECD79FD00584ECA;
			remoteInfo = Ecosystem;
		};
/* End PBXContainerItemProxy section */

/* Begin PBXFileReference section */
		8E9894AC1ECF075300C045AA /* StartViewController.swift */ = {isa = PBXFileReference; fileEncoding = 4; lastKnownFileType = sourcecode.swift; path = StartViewController.swift; sourceTree = "<group>"; };
		8ED7C0611ED03B790066DCE9 /* ScoreViewController.swift */ = {isa = PBXFileReference; fileEncoding = 4; lastKnownFileType = sourcecode.swift; path = ScoreViewController.swift; sourceTree = "<group>"; };
		8EFFC9241ECD79FD00584ECA /* Ecosystem.app */ = {isa = PBXFileReference; explicitFileType = wrapper.application; includeInIndex = 0; path = Ecosystem.app; sourceTree = BUILT_PRODUCTS_DIR; };
		8EFFC9271ECD79FD00584ECA /* AppDelegate.swift */ = {isa = PBXFileReference; lastKnownFileType = sourcecode.swift; path = AppDelegate.swift; sourceTree = "<group>"; };
		8EFFC9291ECD79FD00584ECA /* ViewController.swift */ = {isa = PBXFileReference; lastKnownFileType = sourcecode.swift; path = ViewController.swift; sourceTree = "<group>"; };
		8EFFC92C1ECD79FD00584ECA /* Base */ = {isa = PBXFileReference; lastKnownFileType = file.storyboard; name = Base; path = Base.lproj/Main.storyboard; sourceTree = "<group>"; };
		8EFFC92E1ECD79FD00584ECA /* Assets.xcassets */ = {isa = PBXFileReference; lastKnownFileType = folder.assetcatalog; path = Assets.xcassets; sourceTree = "<group>"; };
		8EFFC9311ECD79FD00584ECA /* Base */ = {isa = PBXFileReference; lastKnownFileType = file.storyboard; name = Base; path = Base.lproj/LaunchScreen.storyboard; sourceTree = "<group>"; };
		8EFFC9331ECD79FD00584ECA /* Info.plist */ = {isa = PBXFileReference; lastKnownFileType = text.plist.xml; path = Info.plist; sourceTree = "<group>"; };
		8EFFC9381ECD79FD00584ECA /* EcosystemTests.xctest */ = {isa = PBXFileReference; explicitFileType = wrapper.cfbundle; includeInIndex = 0; path = EcosystemTests.xctest; sourceTree = BUILT_PRODUCTS_DIR; };
		8EFFC93C1ECD79FD00584ECA /* EcosystemTests.swift */ = {isa = PBXFileReference; lastKnownFileType = sourcecode.swift; path = EcosystemTests.swift; sourceTree = "<group>"; };
		8EFFC93E1ECD79FD00584ECA /* Info.plist */ = {isa = PBXFileReference; lastKnownFileType = text.plist.xml; path = Info.plist; sourceTree = "<group>"; };
		8EFFC9431ECD79FD00584ECA /* EcosystemUITests.xctest */ = {isa = PBXFileReference; explicitFileType = wrapper.cfbundle; includeInIndex = 0; path = EcosystemUITests.xctest; sourceTree = BUILT_PRODUCTS_DIR; };
		8EFFC9471ECD79FD00584ECA /* EcosystemUITests.swift */ = {isa = PBXFileReference; lastKnownFileType = sourcecode.swift; path = EcosystemUITests.swift; sourceTree = "<group>"; };
		8EFFC9491ECD79FD00584ECA /* Info.plist */ = {isa = PBXFileReference; lastKnownFileType = text.plist.xml; path = Info.plist; sourceTree = "<group>"; };
		8EFFC9551ECDA01800584ECA /* PracticeViewController.swift */ = {isa = PBXFileReference; fileEncoding = 4; lastKnownFileType = sourcecode.swift; path = PracticeViewController.swift; sourceTree = "<group>"; };
		8EFFC9571ECDA06A00584ECA /* StandardsViewController.swift */ = {isa = PBXFileReference; fileEncoding = 4; lastKnownFileType = sourcecode.swift; name = StandardsViewController.swift; path = Assets.xcassets/StandardsViewController.swift; sourceTree = "<group>"; };
		8EFFC9591ECDA86300584ECA /* QuestionsViewController.swift */ = {isa = PBXFileReference; fileEncoding = 4; lastKnownFileType = sourcecode.swift; path = QuestionsViewController.swift; sourceTree = "<group>"; };
/* End PBXFileReference section */

/* Begin PBXFrameworksBuildPhase section */
		8EFFC9211ECD79FD00584ECA /* Frameworks */ = {
			isa = PBXFrameworksBuildPhase;
			buildActionMask = 2147483647;
			files = (
			);
			runOnlyForDeploymentPostprocessing = 0;
		};
		8EFFC9351ECD79FD00584ECA /* Frameworks */ = {
			isa = PBXFrameworksBuildPhase;
			buildActionMask = 2147483647;
			files = (
			);
			runOnlyForDeploymentPostprocessing = 0;
		};
		8EFFC9401ECD79FD00584ECA /* Frameworks */ = {
			isa = PBXFrameworksBuildPhase;
			buildActionMask = 2147483647;
			files = (
			);
			runOnlyForDeploymentPostprocessing = 0;
		};
/* End PBXFrameworksBuildPhase section */

/* Begin PBXGroup section */
		8EFFC91B1ECD79FD00584ECA = {
			isa = PBXGroup;
			children = (
				8EFFC9261ECD79FD00584ECA /* Ecosystem */,
				8EFFC93B1ECD79FD00584ECA /* EcosystemTests */,
				8EFFC9461ECD79FD00584ECA /* EcosystemUITests */,
				8EFFC9251ECD79FD00584ECA /* Products */,
			);
			sourceTree = "<group>";
		};
		8EFFC9251ECD79FD00584ECA /* Products */ = {
			isa = PBXGroup;
			children = (
				8EFFC9241ECD79FD00584ECA /* Ecosystem.app */,
				8EFFC9381ECD79FD00584ECA /* EcosystemTests.xctest */,
				8EFFC9431ECD79FD00584ECA /* EcosystemUITests.xctest */,
			);
			name = Products;
			sourceTree = "<group>";
		};
		8EFFC9261ECD79FD00584ECA /* Ecosystem */ = {
			isa = PBXGroup;
			children = (
				8EFFC9271ECD79FD00584ECA /* AppDelegate.swift */,
				8EFFC9291ECD79FD00584ECA /* ViewController.swift */,
				8EFFC9551ECDA01800584ECA /* PracticeViewController.swift */,
				8EFFC9571ECDA06A00584ECA /* StandardsViewController.swift */,
				8EFFC9591ECDA86300584ECA /* QuestionsViewController.swift */,
				8ED7C0611ED03B790066DCE9 /* ScoreViewController.swift */,
				8E9894AC1ECF075300C045AA /* StartViewController.swift */,
				8EFFC92B1ECD79FD00584ECA /* Main.storyboard */,
				8EFFC92E1ECD79FD00584ECA /* Assets.xcassets */,
				8EFFC9301ECD79FD00584ECA /* LaunchScreen.storyboard */,
				8EFFC9331ECD79FD00584ECA /* Info.plist */,
			);
			path = Ecosystem;
			sourceTree = "<group>";
		};
		8EFFC93B1ECD79FD00584ECA /* EcosystemTests */ = {
			isa = PBXGroup;
			children = (
				8EFFC93C1ECD79FD00584ECA /* EcosystemTests.swift */,
				8EFFC93E1ECD79FD00584ECA /* Info.plist */,
			);
			path = EcosystemTests;
			sourceTree = "<group>";
		};
		8EFFC9461ECD79FD00584ECA /* EcosystemUITests */ = {
			isa = PBXGroup;
			children = (
				8EFFC9471ECD79FD00584ECA /* EcosystemUITests.swift */,
				8EFFC9491ECD79FD00584ECA /* Info.plist */,
			);
			path = EcosystemUITests;
			sourceTree = "<group>";
		};
/* End PBXGroup section */

/* Begin PBXNativeTarget section */
		8EFFC9231ECD79FD00584ECA /* Ecosystem */ = {
			isa = PBXNativeTarget;
			buildConfigurationList = 8EFFC94C1ECD79FD00584ECA /* Build configuration list for PBXNativeTarget "Ecosystem" */;
			buildPhases = (
				8EFFC9201ECD79FD00584ECA /* Sources */,
				8EFFC9211ECD79FD00584ECA /* Frameworks */,
				8EFFC9221ECD79FD00584ECA /* Resources */,
			);
			buildRules = (
			);
			dependencies = (
			);
			name = Ecosystem;
			productName = Ecosystem;
			productReference = 8EFFC9241ECD79FD00584ECA /* Ecosystem.app */;
			productType = "com.apple.product-type.application";
		};
		8EFFC9371ECD79FD00584ECA /* EcosystemTests */ = {
			isa = PBXNativeTarget;
			buildConfigurationList = 8EFFC94F1ECD79FD00584ECA /* Build configuration list for PBXNativeTarget "EcosystemTests" */;
			buildPhases = (
				8EFFC9341ECD79FD00584ECA /* Sources */,
				8EFFC9351ECD79FD00584ECA /* Frameworks */,
				8EFFC9361ECD79FD00584ECA /* Resources */,
			);
			buildRules = (
			);
			dependencies = (
				8EFFC93A1ECD79FD00584ECA /* PBXTargetDependency */,
			);
			name = EcosystemTests;
			productName = EcosystemTests;
			productReference = 8EFFC9381ECD79FD00584ECA /* EcosystemTests.xctest */;
			productType = "com.apple.product-type.bundle.unit-test";
		};
		8EFFC9421ECD79FD00584ECA /* EcosystemUITests */ = {
			isa = PBXNativeTarget;
			buildConfigurationList = 8EFFC9521ECD79FD00584ECA /* Build configuration list for PBXNativeTarget "EcosystemUITests" */;
			buildPhases = (
				8EFFC93F1ECD79FD00584ECA /* Sources */,
				8EFFC9401ECD79FD00584ECA /* Frameworks */,
				8EFFC9411ECD79FD00584ECA /* Resources */,
			);
			buildRules = (
			);
			dependencies = (
				8EFFC9451ECD79FD00584ECA /* PBXTargetDependency */,
			);
			name = EcosystemUITests;
			productName = EcosystemUITests;
			productReference = 8EFFC9431ECD79FD00584ECA /* EcosystemUITests.xctest */;
			productType = "com.apple.product-type.bundle.ui-testing";
		};
/* End PBXNativeTarget section */

/* Begin PBXProject section */
		8EFFC91C1ECD79FD00584ECA /* Project object */ = {
			isa = PBXProject;
			attributes = {
				LastSwiftUpdateCheck = 0830;
				LastUpgradeCheck = 0830;
				ORGANIZATIONNAME = "Raamis & Belal";
				TargetAttributes = {
					8EFFC9231ECD79FD00584ECA = {
						CreatedOnToolsVersion = 8.3.2;
						ProvisioningStyle = Automatic;
					};
					8EFFC9371ECD79FD00584ECA = {
						CreatedOnToolsVersion = 8.3.2;
						ProvisioningStyle = Automatic;
						TestTargetID = 8EFFC9231ECD79FD00584ECA;
					};
					8EFFC9421ECD79FD00584ECA = {
						CreatedOnToolsVersion = 8.3.2;
						ProvisioningStyle = Automatic;
						TestTargetID = 8EFFC9231ECD79FD00584ECA;
					};
				};
			};
			buildConfigurationList = 8EFFC91F1ECD79FD00584ECA /* Build configuration list for PBXProject "Ecosystem" */;
			compatibilityVersion = "Xcode 3.2";
			developmentRegion = English;
			hasScannedForEncodings = 0;
			knownRegions = (
				en,
				Base,
			);
			mainGroup = 8EFFC91B1ECD79FD00584ECA;
			productRefGroup = 8EFFC9251ECD79FD00584ECA /* Products */;
			projectDirPath = "";
			projectRoot = "";
			targets = (
				8EFFC9231ECD79FD00584ECA /* Ecosystem */,
				8EFFC9371ECD79FD00584ECA /* EcosystemTests */,
				8EFFC9421ECD79FD00584ECA /* EcosystemUITests */,
			);
		};
/* End PBXProject section */

/* Begin PBXResourcesBuildPhase section */
		8EFFC9221ECD79FD00584ECA /* Resources */ = {
			isa = PBXResourcesBuildPhase;
			buildActionMask = 2147483647;
			files = (
				8EFFC9321ECD79FD00584ECA /* LaunchScreen.storyboard in Resources */,
				8EFFC92F1ECD79FD00584ECA /* Assets.xcassets in Resources */,
				8EFFC92D1ECD79FD00584ECA /* Main.storyboard in Resources */,
			);
			runOnlyForDeploymentPostprocessing = 0;
		};
		8EFFC9361ECD79FD00584ECA /* Resources */ = {
			isa = PBXResourcesBuildPhase;
			buildActionMask = 2147483647;
			files = (
			);
			runOnlyForDeploymentPostprocessing = 0;
		};
		8EFFC9411ECD79FD00584ECA /* Resources */ = {
			isa = PBXResourcesBuildPhase;
			buildActionMask = 2147483647;
			files = (
			);
			runOnlyForDeploymentPostprocessing = 0;
		};
/* End PBXResourcesBuildPhase section */

/* Begin PBXSourcesBuildPhase section */
		8EFFC9201ECD79FD00584ECA /* Sources */ = {
			isa = PBXSourcesBuildPhase;
			buildActionMask = 2147483647;
			files = (
				8ED7C0621ED03B790066DCE9 /* ScoreViewController.swift in Sources */,
				8EFFC9561ECDA01800584ECA /* PracticeViewController.swift in Sources */,
				8EFFC95A1ECDA86300584ECA /* QuestionsViewController.swift in Sources */,
				8EFFC92A1ECD79FD00584ECA /* ViewController.swift in Sources */,
				8EFFC9281ECD79FD00584ECA /* AppDelegate.swift in Sources */,
				8EFFC9581ECDA06A00584ECA /* StandardsViewController.swift in Sources */,
				8E9894AD1ECF075300C045AA /* StartViewController.swift in Sources */,
			);
			runOnlyForDeploymentPostprocessing = 0;
		};
		8EFFC9341ECD79FD00584ECA /* Sources */ = {
			isa = PBXSourcesBuildPhase;
			buildActionMask = 2147483647;
			files = (
				8EFFC93D1ECD79FD00584ECA /* EcosystemTests.swift in Sources */,
			);
			runOnlyForDeploymentPostprocessing = 0;
		};
		8EFFC93F1ECD79FD00584ECA /* Sources */ = {
			isa = PBXSourcesBuildPhase;
			buildActionMask = 2147483647;
			files = (
				8EFFC9481ECD79FD00584ECA /* EcosystemUITests.swift in Sources */,
			);
			runOnlyForDeploymentPostprocessing = 0;
		};
/* End PBXSourcesBuildPhase section */

/* Begin PBXTargetDependency section */
		8EFFC93A1ECD79FD00584ECA /* PBXTargetDependency */ = {
			isa = PBXTargetDependency;
			target = 8EFFC9231ECD79FD00584ECA /* Ecosystem */;
			targetProxy = 8EFFC9391ECD79FD00584ECA /* PBXContainerItemProxy */;
		};
		8EFFC9451ECD79FD00584ECA /* PBXTargetDependency */ = {
			isa = PBXTargetDependency;
			target = 8EFFC9231ECD79FD00584ECA /* Ecosystem */;
			targetProxy = 8EFFC9441ECD79FD00584ECA /* PBXContainerItemProxy */;
		};
/* End PBXTargetDependency section */

/* Begin PBXVariantGroup section */
		8EFFC92B1ECD79FD00584ECA /* Main.storyboard */ = {
			isa = PBXVariantGroup;
			children = (
				8EFFC92C1ECD79FD00584ECA /* Base */,
			);
			name = Main.storyboard;
			sourceTree = "<group>";
		};
		8EFFC9301ECD79FD00584ECA /* LaunchScreen.storyboard */ = {
			isa = PBXVariantGroup;
			children = (
				8EFFC9311ECD79FD00584ECA /* Base */,
			);
			name = LaunchScreen.storyboard;
			sourceTree = "<group>";
		};
/* End PBXVariantGroup section */

/* Begin XCBuildConfiguration section */
		8EFFC94A1ECD79FD00584ECA /* Debug */ = {
			isa = XCBuildConfiguration;
			buildSettings = {
				ALWAYS_SEARCH_USER_PATHS = NO;
				CLANG_ANALYZER_NONNULL = YES;
				CLANG_ANALYZER_NUMBER_OBJECT_CONVERSION = YES_AGGRESSIVE;
				CLANG_CXX_LANGUAGE_STANDARD = "gnu++0x";
				CLANG_CXX_LIBRARY = "libc++";
				CLANG_ENABLE_MODULES = YES;
				CLANG_ENABLE_OBJC_ARC = YES;
				CLANG_WARN_BOOL_CONVERSION = YES;
				CLANG_WARN_CONSTANT_CONVERSION = YES;
				CLANG_WARN_DIRECT_OBJC_ISA_USAGE = YES_ERROR;
				CLANG_WARN_DOCUMENTATION_COMMENTS = YES;
				CLANG_WARN_EMPTY_BODY = YES;
				CLANG_WARN_ENUM_CONVERSION = YES;
				CLANG_WARN_INFINITE_RECURSION = YES;
				CLANG_WARN_INT_CONVERSION = YES;
				CLANG_WARN_OBJC_ROOT_CLASS = YES_ERROR;
				CLANG_WARN_SUSPICIOUS_MOVE = YES;
				CLANG_WARN_UNREACHABLE_CODE = YES;
				CLANG_WARN__DUPLICATE_METHOD_MATCH = YES;
				"CODE_SIGN_IDENTITY[sdk=iphoneos*]" = "iPhone Developer";
				COPY_PHASE_STRIP = NO;
				DEBUG_INFORMATION_FORMAT = dwarf;
				ENABLE_STRICT_OBJC_MSGSEND = YES;
				ENABLE_TESTABILITY = YES;
				GCC_C_LANGUAGE_STANDARD = gnu99;
				GCC_DYNAMIC_NO_PIC = NO;
				GCC_NO_COMMON_BLOCKS = YES;
				GCC_OPTIMIZATION_LEVEL = 0;
				GCC_PREPROCESSOR_DEFINITIONS = (
					"DEBUG=1",
					"$(inherited)",
				);
				GCC_WARN_64_TO_32_BIT_CONVERSION = YES;
				GCC_WARN_ABOUT_RETURN_TYPE = YES_ERROR;
				GCC_WARN_UNDECLARED_SELECTOR = YES;
				GCC_WARN_UNINITIALIZED_AUTOS = YES_AGGRESSIVE;
				GCC_WARN_UNUSED_FUNCTION = YES;
				GCC_WARN_UNUSED_VARIABLE = YES;
				IPHONEOS_DEPLOYMENT_TARGET = 10.3;
				MTL_ENABLE_DEBUG_INFO = YES;
				ONLY_ACTIVE_ARCH = YES;
				SDKROOT = iphoneos;
				SWIFT_ACTIVE_COMPILATION_CONDITIONS = DEBUG;
				SWIFT_OPTIMIZATION_LEVEL = "-Onone";
				TARGETED_DEVICE_FAMILY = "1,2";
			};
			name = Debug;
		};
		8EFFC94B1ECD79FD00584ECA /* Release */ = {
			isa = XCBuildConfiguration;
			buildSettings = {
				ALWAYS_SEARCH_USER_PATHS = NO;
				CLANG_ANALYZER_NONNULL = YES;
				CLANG_ANALYZER_NUMBER_OBJECT_CONVERSION = YES_AGGRESSIVE;
				CLANG_CXX_LANGUAGE_STANDARD = "gnu++0x";
				CLANG_CXX_LIBRARY = "libc++";
				CLANG_ENABLE_MODULES = YES;
				CLANG_ENABLE_OBJC_ARC = YES;
				CLANG_WARN_BOOL_CONVERSION = YES;
				CLANG_WARN_CONSTANT_CONVERSION = YES;
				CLANG_WARN_DIRECT_OBJC_ISA_USAGE = YES_ERROR;
				CLANG_WARN_DOCUMENTATION_COMMENTS = YES;
				CLANG_WARN_EMPTY_BODY = YES;
				CLANG_WARN_ENUM_CONVERSION = YES;
				CLANG_WARN_INFINITE_RECURSION = YES;
				CLANG_WARN_INT_CONVERSION = YES;
				CLANG_WARN_OBJC_ROOT_CLASS = YES_ERROR;
				CLANG_WARN_SUSPICIOUS_MOVE = YES;
				CLANG_WARN_UNREACHABLE_CODE = YES;
				CLANG_WARN__DUPLICATE_METHOD_MATCH = YES;
				"CODE_SIGN_IDENTITY[sdk=iphoneos*]" = "iPhone Developer";
				COPY_PHASE_STRIP = NO;
				DEBUG_INFORMATION_FORMAT = "dwarf-with-dsym";
				ENABLE_NS_ASSERTIONS = NO;
				ENABLE_STRICT_OBJC_MSGSEND = YES;
				GCC_C_LANGUAGE_STANDARD = gnu99;
				GCC_NO_COMMON_BLOCKS = YES;
				GCC_WARN_64_TO_32_BIT_CONVERSION = YES;
				GCC_WARN_ABOUT_RETURN_TYPE = YES_ERROR;
				GCC_WARN_UNDECLARED_SELECTOR = YES;
				GCC_WARN_UNINITIALIZED_AUTOS = YES_AGGRESSIVE;
				GCC_WARN_UNUSED_FUNCTION = YES;
				GCC_WARN_UNUSED_VARIABLE = YES;
				IPHONEOS_DEPLOYMENT_TARGET = 10.3;
				MTL_ENABLE_DEBUG_INFO = NO;
				SDKROOT = iphoneos;
				SWIFT_OPTIMIZATION_LEVEL = "-Owholemodule";
				TARGETED_DEVICE_FAMILY = "1,2";
				VALIDATE_PRODUCT = YES;
			};
			name = Release;
		};
		8EFFC94D1ECD79FD00584ECA /* Debug */ = {
			isa = XCBuildConfiguration;
			buildSettings = {
				ASSETCATALOG_COMPILER_APPICON_NAME = AppIcon;
				INFOPLIST_FILE = Ecosystem/Info.plist;
				LD_RUNPATH_SEARCH_PATHS = "$(inherited) @executable_path/Frameworks";
				PRODUCT_BUNDLE_IDENTIFIER = "Raamis-Belal.Ecosystem";
				PRODUCT_NAME = "$(TARGET_NAME)";
				SWIFT_VERSION = 3.0;
			};
			name = Debug;
		};
		8EFFC94E1ECD79FD00584ECA /* Release */ = {
			isa = XCBuildConfiguration;
			buildSettings = {
				ASSETCATALOG_COMPILER_APPICON_NAME = AppIcon;
				INFOPLIST_FILE = Ecosystem/Info.plist;
				LD_RUNPATH_SEARCH_PATHS = "$(inherited) @executable_path/Frameworks";
				PRODUCT_BUNDLE_IDENTIFIER = "Raamis-Belal.Ecosystem";
				PRODUCT_NAME = "$(TARGET_NAME)";
				SWIFT_VERSION = 3.0;
			};
			name = Release;
		};
		8EFFC9501ECD79FD00584ECA /* Debug */ = {
			isa = XCBuildConfiguration;
			buildSettings = {
				ALWAYS_EMBED_SWIFT_STANDARD_LIBRARIES = YES;
				BUNDLE_LOADER = "$(TEST_HOST)";
				INFOPLIST_FILE = EcosystemTests/Info.plist;
				LD_RUNPATH_SEARCH_PATHS = "$(inherited) @executable_path/Frameworks @loader_path/Frameworks";
				PRODUCT_BUNDLE_IDENTIFIER = "Raamis-Belal.EcosystemTests";
				PRODUCT_NAME = "$(TARGET_NAME)";
				SWIFT_VERSION = 3.0;
				TEST_HOST = "$(BUILT_PRODUCTS_DIR)/Ecosystem.app/Ecosystem";
			};
			name = Debug;
		};
		8EFFC9511ECD79FD00584ECA /* Release */ = {
			isa = XCBuildConfiguration;
			buildSettings = {
				ALWAYS_EMBED_SWIFT_STANDARD_LIBRARIES = YES;
				BUNDLE_LOADER = "$(TEST_HOST)";
				INFOPLIST_FILE = EcosystemTests/Info.plist;
				LD_RUNPATH_SEARCH_PATHS = "$(inherited) @executable_path/Frameworks @loader_path/Frameworks";
				PRODUCT_BUNDLE_IDENTIFIER = "Raamis-Belal.EcosystemTests";
				PRODUCT_NAME = "$(TARGET_NAME)";
				SWIFT_VERSION = 3.0;
				TEST_HOST = "$(BUILT_PRODUCTS_DIR)/Ecosystem.app/Ecosystem";
			};
			name = Release;
		};
		8EFFC9531ECD79FD00584ECA /* Debug */ = {
			isa = XCBuildConfiguration;
			buildSettings = {
				ALWAYS_EMBED_SWIFT_STANDARD_LIBRARIES = YES;
				INFOPLIST_FILE = EcosystemUITests/Info.plist;
				LD_RUNPATH_SEARCH_PATHS = "$(inherited) @executable_path/Frameworks @loader_path/Frameworks";
				PRODUCT_BUNDLE_IDENTIFIER = "Raamis-Belal.EcosystemUITests";
				PRODUCT_NAME = "$(TARGET_NAME)";
				SWIFT_VERSION = 3.0;
				TEST_TARGET_NAME = Ecosystem;
			};
			name = Debug;
		};
		8EFFC9541ECD79FD00584ECA /* Release */ = {
			isa = XCBuildConfiguration;
			buildSettings = {
				ALWAYS_EMBED_SWIFT_STANDARD_LIBRARIES = YES;
				INFOPLIST_FILE = EcosystemUITests/Info.plist;
				LD_RUNPATH_SEARCH_PATHS = "$(inherited) @executable_path/Frameworks @loader_path/Frameworks";
				PRODUCT_BUNDLE_IDENTIFIER = "Raamis-Belal.EcosystemUITests";
				PRODUCT_NAME = "$(TARGET_NAME)";
				SWIFT_VERSION = 3.0;
				TEST_TARGET_NAME = Ecosystem;
			};
			name = Release;
		};
/* End XCBuildConfiguration section */

/* Begin XCConfigurationList section */
		8EFFC91F1ECD79FD00584ECA /* Build configuration list for PBXProject "Ecosystem" */ = {
			isa = XCConfigurationList;
			buildConfigurations = (
				8EFFC94A1ECD79FD00584ECA /* Debug */,
				8EFFC94B1ECD79FD00584ECA /* Release */,
			);
			defaultConfigurationIsVisible = 0;
			defaultConfigurationName = Release;
		};
		8EFFC94C1ECD79FD00584ECA /* Build configuration list for PBXNativeTarget "Ecosystem" */ = {
			isa = XCConfigurationList;
			buildConfigurations = (
				8EFFC94D1ECD79FD00584ECA /* Debug */,
				8EFFC94E1ECD79FD00584ECA /* Release */,
			);
			defaultConfigurationIsVisible = 0;
			defaultConfigurationName = Release;
		};
		8EFFC94F1ECD79FD00584ECA /* Build configuration list for PBXNativeTarget "EcosystemTests" */ = {
			isa = XCConfigurationList;
			buildConfigurations = (
				8EFFC9501ECD79FD00584ECA /* Debug */,
				8EFFC9511ECD79FD00584ECA /* Release */,
			);
			defaultConfigurationIsVisible = 0;
			defaultConfigurationName = Release;
		};
		8EFFC9521ECD79FD00584ECA /* Build configuration list for PBXNativeTarget "EcosystemUITests" */ = {
			isa = XCConfigurationList;
			buildConfigurations = (
				8EFFC9531ECD79FD00584ECA /* Debug */,
				8EFFC9541ECD79FD00584ECA /* Release */,
			);
			defaultConfigurationIsVisible = 0;
			defaultConfigurationName = Release;
		};
/* End XCConfigurationList section */
	};
	rootObject = 8EFFC91C1ECD79FD00584ECA /* Project object */;
}
